// !$*UTF8*$!
{
	archiveVersion = 1;
	classes = {
	};
	objectVersion = 50;
	objects = {

/* Begin PBXBuildFile section */
		6E0A85322360868D0057F1D6 /* IngredientViewCell.swift in Sources */ = {isa = PBXBuildFile; fileRef = 6E0A85312360868D0057F1D6 /* IngredientViewCell.swift */; };
		6E2F6837235EED990042C476 /* Constants.swift in Sources */ = {isa = PBXBuildFile; fileRef = 6E2F6836235EED990042C476 /* Constants.swift */; };
		6E2F6839235F299F0042C476 /* IngredientService.swift in Sources */ = {isa = PBXBuildFile; fileRef = 6E2F6838235F299F0042C476 /* IngredientService.swift */; };
		6E2F683B235F2A1D0042C476 /* Ingredient.swift in Sources */ = {isa = PBXBuildFile; fileRef = 6E2F683A235F2A1D0042C476 /* Ingredient.swift */; };
		6E3F526C2358EBBC00B0A634 /* AppDelegate.swift in Sources */ = {isa = PBXBuildFile; fileRef = 6E3F526B2358EBBC00B0A634 /* AppDelegate.swift */; };
		6E3F526E2358EBBC00B0A634 /* SceneDelegate.swift in Sources */ = {isa = PBXBuildFile; fileRef = 6E3F526D2358EBBC00B0A634 /* SceneDelegate.swift */; };
		6E3F52702358EBBC00B0A634 /* SearchViewController.swift in Sources */ = {isa = PBXBuildFile; fileRef = 6E3F526F2358EBBC00B0A634 /* SearchViewController.swift */; };
		6E3F52732358EBBC00B0A634 /* Main.storyboard in Resources */ = {isa = PBXBuildFile; fileRef = 6E3F52712358EBBC00B0A634 /* Main.storyboard */; };
		6E3F52762358EBBC00B0A634 /* reciplease.xcdatamodeld in Sources */ = {isa = PBXBuildFile; fileRef = 6E3F52742358EBBC00B0A634 /* reciplease.xcdatamodeld */; };
		6E3F52782358EBBE00B0A634 /* Assets.xcassets in Resources */ = {isa = PBXBuildFile; fileRef = 6E3F52772358EBBE00B0A634 /* Assets.xcassets */; };
		6E3F527B2358EBBE00B0A634 /* LaunchScreen.storyboard in Resources */ = {isa = PBXBuildFile; fileRef = 6E3F52792358EBBE00B0A634 /* LaunchScreen.storyboard */; };
		6E3F52862358EBBE00B0A634 /* recipleaseTests.swift in Sources */ = {isa = PBXBuildFile; fileRef = 6E3F52852358EBBE00B0A634 /* recipleaseTests.swift */; };
/* End PBXBuildFile section */

/* Begin PBXContainerItemProxy section */
		6E3F52822358EBBE00B0A634 /* PBXContainerItemProxy */ = {
			isa = PBXContainerItemProxy;
			containerPortal = 6E3F52602358EBBC00B0A634 /* Project object */;
			proxyType = 1;
			remoteGlobalIDString = 6E3F52672358EBBC00B0A634;
			remoteInfo = reciplease;
		};
/* End PBXContainerItemProxy section */

/* Begin PBXFileReference section */
		6E0A85312360868D0057F1D6 /* IngredientViewCell.swift */ = {isa = PBXFileReference; lastKnownFileType = sourcecode.swift; path = IngredientViewCell.swift; sourceTree = "<group>"; };
		6E2F6836235EED990042C476 /* Constants.swift */ = {isa = PBXFileReference; lastKnownFileType = sourcecode.swift; path = Constants.swift; sourceTree = "<group>"; };
		6E2F6838235F299F0042C476 /* IngredientService.swift */ = {isa = PBXFileReference; lastKnownFileType = sourcecode.swift; path = IngredientService.swift; sourceTree = "<group>"; };
		6E2F683A235F2A1D0042C476 /* Ingredient.swift */ = {isa = PBXFileReference; lastKnownFileType = sourcecode.swift; path = Ingredient.swift; sourceTree = "<group>"; };
		6E3F52682358EBBC00B0A634 /* reciplease.app */ = {isa = PBXFileReference; explicitFileType = wrapper.application; includeInIndex = 0; path = reciplease.app; sourceTree = BUILT_PRODUCTS_DIR; };
		6E3F526B2358EBBC00B0A634 /* AppDelegate.swift */ = {isa = PBXFileReference; lastKnownFileType = sourcecode.swift; path = AppDelegate.swift; sourceTree = "<group>"; };
		6E3F526D2358EBBC00B0A634 /* SceneDelegate.swift */ = {isa = PBXFileReference; lastKnownFileType = sourcecode.swift; path = SceneDelegate.swift; sourceTree = "<group>"; };
		6E3F526F2358EBBC00B0A634 /* SearchViewController.swift */ = {isa = PBXFileReference; lastKnownFileType = sourcecode.swift; path = SearchViewController.swift; sourceTree = "<group>"; };
		6E3F52722358EBBC00B0A634 /* Base */ = {isa = PBXFileReference; lastKnownFileType = file.storyboard; name = Base; path = Base.lproj/Main.storyboard; sourceTree = "<group>"; };
		6E3F52752358EBBC00B0A634 /* reciplease.xcdatamodel */ = {isa = PBXFileReference; lastKnownFileType = wrapper.xcdatamodel; path = reciplease.xcdatamodel; sourceTree = "<group>"; };
		6E3F52772358EBBE00B0A634 /* Assets.xcassets */ = {isa = PBXFileReference; lastKnownFileType = folder.assetcatalog; path = Assets.xcassets; sourceTree = "<group>"; };
		6E3F527A2358EBBE00B0A634 /* Base */ = {isa = PBXFileReference; lastKnownFileType = file.storyboard; name = Base; path = Base.lproj/LaunchScreen.storyboard; sourceTree = "<group>"; };
		6E3F527C2358EBBE00B0A634 /* Info.plist */ = {isa = PBXFileReference; lastKnownFileType = text.plist.xml; path = Info.plist; sourceTree = "<group>"; };
		6E3F52812358EBBE00B0A634 /* recipleaseTests.xctest */ = {isa = PBXFileReference; explicitFileType = wrapper.cfbundle; includeInIndex = 0; path = recipleaseTests.xctest; sourceTree = BUILT_PRODUCTS_DIR; };
		6E3F52852358EBBE00B0A634 /* recipleaseTests.swift */ = {isa = PBXFileReference; lastKnownFileType = sourcecode.swift; path = recipleaseTests.swift; sourceTree = "<group>"; };
		6E3F52872358EBBE00B0A634 /* Info.plist */ = {isa = PBXFileReference; lastKnownFileType = text.plist.xml; path = Info.plist; sourceTree = "<group>"; };
/* End PBXFileReference section */

/* Begin PBXFrameworksBuildPhase section */
		6E3F52652358EBBC00B0A634 /* Frameworks */ = {
			isa = PBXFrameworksBuildPhase;
			buildActionMask = 2147483647;
			files = (
			);
			runOnlyForDeploymentPostprocessing = 0;
		};
		6E3F527E2358EBBE00B0A634 /* Frameworks */ = {
			isa = PBXFrameworksBuildPhase;
			buildActionMask = 2147483647;
			files = (
			);
			runOnlyForDeploymentPostprocessing = 0;
		};
/* End PBXFrameworksBuildPhase section */

/* Begin PBXGroup section */
		6E3F525F2358EBBC00B0A634 = {
			isa = PBXGroup;
			children = (
				6E3F526A2358EBBC00B0A634 /* reciplease */,
				6E3F52842358EBBE00B0A634 /* recipleaseTests */,
				6E3F52692358EBBC00B0A634 /* Products */,
			);
			sourceTree = "<group>";
		};
		6E3F52692358EBBC00B0A634 /* Products */ = {
			isa = PBXGroup;
			children = (
				6E3F52682358EBBC00B0A634 /* reciplease.app */,
				6E3F52812358EBBE00B0A634 /* recipleaseTests.xctest */,
			);
			name = Products;
			sourceTree = "<group>";
		};
		6E3F526A2358EBBC00B0A634 /* reciplease */ = {
			isa = PBXGroup;
			children = (
				6E3F526B2358EBBC00B0A634 /* AppDelegate.swift */,
				6E3F526D2358EBBC00B0A634 /* SceneDelegate.swift */,
				6E3F526F2358EBBC00B0A634 /* SearchViewController.swift */,
				6E0A85312360868D0057F1D6 /* IngredientViewCell.swift */,
				6E3F52712358EBBC00B0A634 /* Main.storyboard */,
				6E2F6838235F299F0042C476 /* IngredientService.swift */,
				6E2F683A235F2A1D0042C476 /* Ingredient.swift */,
				6E2F6836235EED990042C476 /* Constants.swift */,
				6E3F52772358EBBE00B0A634 /* Assets.xcassets */,
				6E3F52792358EBBE00B0A634 /* LaunchScreen.storyboard */,
				6E3F527C2358EBBE00B0A634 /* Info.plist */,
				6E3F52742358EBBC00B0A634 /* reciplease.xcdatamodeld */,
			);
			path = reciplease;
			sourceTree = "<group>";
		};
		6E3F52842358EBBE00B0A634 /* recipleaseTests */ = {
			isa = PBXGroup;
			children = (
				6E3F52852358EBBE00B0A634 /* recipleaseTests.swift */,
				6E3F52872358EBBE00B0A634 /* Info.plist */,
			);
			path = recipleaseTests;
			sourceTree = "<group>";
		};
/* End PBXGroup section */

/* Begin PBXNativeTarget section */
		6E3F52672358EBBC00B0A634 /* reciplease */ = {
			isa = PBXNativeTarget;
			buildConfigurationList = 6E3F528A2358EBBE00B0A634 /* Build configuration list for PBXNativeTarget "reciplease" */;
			buildPhases = (
				6E3F52642358EBBC00B0A634 /* Sources */,
				6E3F52652358EBBC00B0A634 /* Frameworks */,
				6E3F52662358EBBC00B0A634 /* Resources */,
			);
			buildRules = (
			);
			dependencies = (
			);
			name = reciplease;
			productName = reciplease;
			productReference = 6E3F52682358EBBC00B0A634 /* reciplease.app */;
			productType = "com.apple.product-type.application";
		};
		6E3F52802358EBBE00B0A634 /* recipleaseTests */ = {
			isa = PBXNativeTarget;
			buildConfigurationList = 6E3F528D2358EBBE00B0A634 /* Build configuration list for PBXNativeTarget "recipleaseTests" */;
			buildPhases = (
				6E3F527D2358EBBE00B0A634 /* Sources */,
				6E3F527E2358EBBE00B0A634 /* Frameworks */,
				6E3F527F2358EBBE00B0A634 /* Resources */,
			);
			buildRules = (
			);
			dependencies = (
				6E3F52832358EBBE00B0A634 /* PBXTargetDependency */,
			);
			name = recipleaseTests;
			productName = recipleaseTests;
			productReference = 6E3F52812358EBBE00B0A634 /* recipleaseTests.xctest */;
			productType = "com.apple.product-type.bundle.unit-test";
		};
/* End PBXNativeTarget section */

/* Begin PBXProject section */
		6E3F52602358EBBC00B0A634 /* Project object */ = {
			isa = PBXProject;
			attributes = {
				LastSwiftUpdateCheck = 1110;
				LastUpgradeCheck = 1110;
				ORGANIZATIONNAME = Darrieumerlou;
				TargetAttributes = {
					6E3F52672358EBBC00B0A634 = {
						CreatedOnToolsVersion = 11.1;
					};
					6E3F52802358EBBE00B0A634 = {
						CreatedOnToolsVersion = 11.1;
						TestTargetID = 6E3F52672358EBBC00B0A634;
					};
				};
			};
			buildConfigurationList = 6E3F52632358EBBC00B0A634 /* Build configuration list for PBXProject "reciplease" */;
			compatibilityVersion = "Xcode 9.3";
			developmentRegion = en;
			hasScannedForEncodings = 0;
			knownRegions = (
				en,
				Base,
			);
			mainGroup = 6E3F525F2358EBBC00B0A634;
			productRefGroup = 6E3F52692358EBBC00B0A634 /* Products */;
			projectDirPath = "";
			projectRoot = "";
			targets = (
				6E3F52672358EBBC00B0A634 /* reciplease */,
				6E3F52802358EBBE00B0A634 /* recipleaseTests */,
			);
		};
/* End PBXProject section */

/* Begin PBXResourcesBuildPhase section */
		6E3F52662358EBBC00B0A634 /* Resources */ = {
			isa = PBXResourcesBuildPhase;
			buildActionMask = 2147483647;
			files = (
				6E3F527B2358EBBE00B0A634 /* LaunchScreen.storyboard in Resources */,
				6E3F52782358EBBE00B0A634 /* Assets.xcassets in Resources */,
				6E3F52732358EBBC00B0A634 /* Main.storyboard in Resources */,
			);
			runOnlyForDeploymentPostprocessing = 0;
		};
		6E3F527F2358EBBE00B0A634 /* Resources */ = {
			isa = PBXResourcesBuildPhase;
			buildActionMask = 2147483647;
			files = (
			);
			runOnlyForDeploymentPostprocessing = 0;
		};
/* End PBXResourcesBuildPhase section */

/* Begin PBXSourcesBuildPhase section */
		6E3F52642358EBBC00B0A634 /* Sources */ = {
			isa = PBXSourcesBuildPhase;
			buildActionMask = 2147483647;
			files = (
				6E0A85322360868D0057F1D6 /* IngredientViewCell.swift in Sources */,
				6E2F6837235EED990042C476 /* Constants.swift in Sources */,
				6E3F52762358EBBC00B0A634 /* reciplease.xcdatamodeld in Sources */,
				6E2F683B235F2A1D0042C476 /* Ingredient.swift in Sources */,
				6E3F52702358EBBC00B0A634 /* SearchViewController.swift in Sources */,
				6E3F526C2358EBBC00B0A634 /* AppDelegate.swift in Sources */,
				6E2F6839235F299F0042C476 /* IngredientService.swift in Sources */,
				6E3F526E2358EBBC00B0A634 /* SceneDelegate.swift in Sources */,
			);
			runOnlyForDeploymentPostprocessing = 0;
		};
		6E3F527D2358EBBE00B0A634 /* Sources */ = {
			isa = PBXSourcesBuildPhase;
			buildActionMask = 2147483647;
			files = (
				6E3F52862358EBBE00B0A634 /* recipleaseTests.swift in Sources */,
			);
			runOnlyForDeploymentPostprocessing = 0;
		};
/* End PBXSourcesBuildPhase section */

/* Begin PBXTargetDependency section */
		6E3F52832358EBBE00B0A634 /* PBXTargetDependency */ = {
			isa = PBXTargetDependency;
			target = 6E3F52672358EBBC00B0A634 /* reciplease */;
			targetProxy = 6E3F52822358EBBE00B0A634 /* PBXContainerItemProxy */;
		};
/* End PBXTargetDependency section */

/* Begin PBXVariantGroup section */
		6E3F52712358EBBC00B0A634 /* Main.storyboard */ = {
			isa = PBXVariantGroup;
			children = (
				6E3F52722358EBBC00B0A634 /* Base */,
			);
			name = Main.storyboard;
			sourceTree = "<group>";
		};
		6E3F52792358EBBE00B0A634 /* LaunchScreen.storyboard */ = {
			isa = PBXVariantGroup;
			children = (
				6E3F527A2358EBBE00B0A634 /* Base */,
			);
			name = LaunchScreen.storyboard;
			sourceTree = "<group>";
		};
/* End PBXVariantGroup section */

/* Begin XCBuildConfiguration section */
		6E3F52882358EBBE00B0A634 /* Debug */ = {
			isa = XCBuildConfiguration;
			buildSettings = {
				ALWAYS_SEARCH_USER_PATHS = NO;
				CLANG_ANALYZER_NONNULL = YES;
				CLANG_ANALYZER_NUMBER_OBJECT_CONVERSION = YES_AGGRESSIVE;
				CLANG_CXX_LANGUAGE_STANDARD = "gnu++14";
				CLANG_CXX_LIBRARY = "libc++";
				CLANG_ENABLE_MODULES = YES;
				CLANG_ENABLE_OBJC_ARC = YES;
				CLANG_ENABLE_OBJC_WEAK = YES;
				CLANG_WARN_BLOCK_CAPTURE_AUTORELEASING = YES;
				CLANG_WARN_BOOL_CONVERSION = YES;
				CLANG_WARN_COMMA = YES;
				CLANG_WARN_CONSTANT_CONVERSION = YES;
				CLANG_WARN_DEPRECATED_OBJC_IMPLEMENTATIONS = YES;
				CLANG_WARN_DIRECT_OBJC_ISA_USAGE = YES_ERROR;
				CLANG_WARN_DOCUMENTATION_COMMENTS = YES;
				CLANG_WARN_EMPTY_BODY = YES;
				CLANG_WARN_ENUM_CONVERSION = YES;
				CLANG_WARN_INFINITE_RECURSION = YES;
				CLANG_WARN_INT_CONVERSION = YES;
				CLANG_WARN_NON_LITERAL_NULL_CONVERSION = YES;
				CLANG_WARN_OBJC_IMPLICIT_RETAIN_SELF = YES;
				CLANG_WARN_OBJC_LITERAL_CONVERSION = YES;
				CLANG_WARN_OBJC_ROOT_CLASS = YES_ERROR;
				CLANG_WARN_RANGE_LOOP_ANALYSIS = YES;
				CLANG_WARN_STRICT_PROTOTYPES = YES;
				CLANG_WARN_SUSPICIOUS_MOVE = YES;
				CLANG_WARN_UNGUARDED_AVAILABILITY = YES_AGGRESSIVE;
				CLANG_WARN_UNREACHABLE_CODE = YES;
				CLANG_WARN__DUPLICATE_METHOD_MATCH = YES;
				COPY_PHASE_STRIP = NO;
				DEBUG_INFORMATION_FORMAT = dwarf;
				ENABLE_STRICT_OBJC_MSGSEND = YES;
				ENABLE_TESTABILITY = YES;
				GCC_C_LANGUAGE_STANDARD = gnu11;
				GCC_DYNAMIC_NO_PIC = NO;
				GCC_NO_COMMON_BLOCKS = YES;
				GCC_OPTIMIZATION_LEVEL = 0;
				GCC_PREPROCESSOR_DEFINITIONS = (
					"DEBUG=1",
					"$(inherited)",
				);
				GCC_WARN_64_TO_32_BIT_CONVERSION = YES;
				GCC_WARN_ABOUT_RETURN_TYPE = YES_ERROR;
				GCC_WARN_UNDECLARED_SELECTOR = YES;
				GCC_WARN_UNINITIALIZED_AUTOS = YES_AGGRESSIVE;
				GCC_WARN_UNUSED_FUNCTION = YES;
				GCC_WARN_UNUSED_VARIABLE = YES;
				IPHONEOS_DEPLOYMENT_TARGET = 13.1;
				MTL_ENABLE_DEBUG_INFO = INCLUDE_SOURCE;
				MTL_FAST_MATH = YES;
				ONLY_ACTIVE_ARCH = YES;
				SDKROOT = iphoneos;
				SWIFT_ACTIVE_COMPILATION_CONDITIONS = DEBUG;
				SWIFT_OPTIMIZATION_LEVEL = "-Onone";
			};
			name = Debug;
		};
		6E3F52892358EBBE00B0A634 /* Release */ = {
			isa = XCBuildConfiguration;
			buildSettings = {
				ALWAYS_SEARCH_USER_PATHS = NO;
				CLANG_ANALYZER_NONNULL = YES;
				CLANG_ANALYZER_NUMBER_OBJECT_CONVERSION = YES_AGGRESSIVE;
				CLANG_CXX_LANGUAGE_STANDARD = "gnu++14";
				CLANG_CXX_LIBRARY = "libc++";
				CLANG_ENABLE_MODULES = YES;
				CLANG_ENABLE_OBJC_ARC = YES;
				CLANG_ENABLE_OBJC_WEAK = YES;
				CLANG_WARN_BLOCK_CAPTURE_AUTORELEASING = YES;
				CLANG_WARN_BOOL_CONVERSION = YES;
				CLANG_WARN_COMMA = YES;
				CLANG_WARN_CONSTANT_CONVERSION = YES;
				CLANG_WARN_DEPRECATED_OBJC_IMPLEMENTATIONS = YES;
				CLANG_WARN_DIRECT_OBJC_ISA_USAGE = YES_ERROR;
				CLANG_WARN_DOCUMENTATION_COMMENTS = YES;
				CLANG_WARN_EMPTY_BODY = YES;
				CLANG_WARN_ENUM_CONVERSION = YES;
				CLANG_WARN_INFINITE_RECURSION = YES;
				CLANG_WARN_INT_CONVERSION = YES;
				CLANG_WARN_NON_LITERAL_NULL_CONVERSION = YES;
				CLANG_WARN_OBJC_IMPLICIT_RETAIN_SELF = YES;
				CLANG_WARN_OBJC_LITERAL_CONVERSION = YES;
				CLANG_WARN_OBJC_ROOT_CLASS = YES_ERROR;
				CLANG_WARN_RANGE_LOOP_ANALYSIS = YES;
				CLANG_WARN_STRICT_PROTOTYPES = YES;
				CLANG_WARN_SUSPICIOUS_MOVE = YES;
				CLANG_WARN_UNGUARDED_AVAILABILITY = YES_AGGRESSIVE;
				CLANG_WARN_UNREACHABLE_CODE = YES;
				CLANG_WARN__DUPLICATE_METHOD_MATCH = YES;
				COPY_PHASE_STRIP = NO;
				DEBUG_INFORMATION_FORMAT = "dwarf-with-dsym";
				ENABLE_NS_ASSERTIONS = NO;
				ENABLE_STRICT_OBJC_MSGSEND = YES;
				GCC_C_LANGUAGE_STANDARD = gnu11;
				GCC_NO_COMMON_BLOCKS = YES;
				GCC_WARN_64_TO_32_BIT_CONVERSION = YES;
				GCC_WARN_ABOUT_RETURN_TYPE = YES_ERROR;
				GCC_WARN_UNDECLARED_SELECTOR = YES;
				GCC_WARN_UNINITIALIZED_AUTOS = YES_AGGRESSIVE;
				GCC_WARN_UNUSED_FUNCTION = YES;
				GCC_WARN_UNUSED_VARIABLE = YES;
				IPHONEOS_DEPLOYMENT_TARGET = 13.1;
				MTL_ENABLE_DEBUG_INFO = NO;
				MTL_FAST_MATH = YES;
				SDKROOT = iphoneos;
				SWIFT_COMPILATION_MODE = wholemodule;
				SWIFT_OPTIMIZATION_LEVEL = "-O";
				VALIDATE_PRODUCT = YES;
			};
			name = Release;
		};
		6E3F528B2358EBBE00B0A634 /* Debug */ = {
			isa = XCBuildConfiguration;
			buildSettings = {
				ASSETCATALOG_COMPILER_APPICON_NAME = AppIcon;
				CODE_SIGN_STYLE = Automatic;
				DEVELOPMENT_TEAM = 6QDN94WAYA;
				INFOPLIST_FILE = reciplease/Info.plist;
				LD_RUNPATH_SEARCH_PATHS = (
					"$(inherited)",
					"@executable_path/Frameworks",
				);
				PRODUCT_BUNDLE_IDENTIFIER = "fr.simon-darrieumerlou.reciplease";
				PRODUCT_NAME = "$(TARGET_NAME)";
				SWIFT_VERSION = 5.0;
				TARGETED_DEVICE_FAMILY = "1,2";
			};
			name = Debug;
		};
		6E3F528C2358EBBE00B0A634 /* Release */ = {
			isa = XCBuildConfiguration;
			buildSettings = {
				ASSETCATALOG_COMPILER_APPICON_NAME = AppIcon;
				CODE_SIGN_STYLE = Automatic;
				DEVELOPMENT_TEAM = 6QDN94WAYA;
				INFOPLIST_FILE = reciplease/Info.plist;
				LD_RUNPATH_SEARCH_PATHS = (
					"$(inherited)",
					"@executable_path/Frameworks",
				);
				PRODUCT_BUNDLE_IDENTIFIER = "fr.simon-darrieumerlou.reciplease";
				PRODUCT_NAME = "$(TARGET_NAME)";
				SWIFT_VERSION = 5.0;
				TARGETED_DEVICE_FAMILY = "1,2";
			};
			name = Release;
		};
		6E3F528E2358EBBE00B0A634 /* Debug */ = {
			isa = XCBuildConfiguration;
			buildSettings = {
				ALWAYS_EMBED_SWIFT_STANDARD_LIBRARIES = YES;
				BUNDLE_LOADER = "$(TEST_HOST)";
				CODE_SIGN_STYLE = Automatic;
				DEVELOPMENT_TEAM = 6QDN94WAYA;
				INFOPLIST_FILE = recipleaseTests/Info.plist;
				IPHONEOS_DEPLOYMENT_TARGET = 13.1;
				LD_RUNPATH_SEARCH_PATHS = (
					"$(inherited)",
					"@executable_path/Frameworks",
					"@loader_path/Frameworks",
				);
				PRODUCT_BUNDLE_IDENTIFIER = "fr.simon-darrieumerlou.recipleaseTests";
				PRODUCT_NAME = "$(TARGET_NAME)";
				SWIFT_VERSION = 5.0;
				TARGETED_DEVICE_FAMILY = "1,2";
				TEST_HOST = "$(BUILT_PRODUCTS_DIR)/reciplease.app/reciplease";
			};
			name = Debug;
		};
		6E3F528F2358EBBE00B0A634 /* Release */ = {
			isa = XCBuildConfiguration;
			buildSettings = {
				ALWAYS_EMBED_SWIFT_STANDARD_LIBRARIES = YES;
				BUNDLE_LOADER = "$(TEST_HOST)";
				CODE_SIGN_STYLE = Automatic;
				DEVELOPMENT_TEAM = 6QDN94WAYA;
				INFOPLIST_FILE = recipleaseTests/Info.plist;
				IPHONEOS_DEPLOYMENT_TARGET = 13.1;
				LD_RUNPATH_SEARCH_PATHS = (
					"$(inherited)",
					"@executable_path/Frameworks",
					"@loader_path/Frameworks",
				);
				PRODUCT_BUNDLE_IDENTIFIER = "fr.simon-darrieumerlou.recipleaseTests";
				PRODUCT_NAME = "$(TARGET_NAME)";
				SWIFT_VERSION = 5.0;
				TARGETED_DEVICE_FAMILY = "1,2";
				TEST_HOST = "$(BUILT_PRODUCTS_DIR)/reciplease.app/reciplease";
			};
			name = Release;
		};
/* End XCBuildConfiguration section */

/* Begin XCConfigurationList section */
		6E3F52632358EBBC00B0A634 /* Build configuration list for PBXProject "reciplease" */ = {
			isa = XCConfigurationList;
			buildConfigurations = (
				6E3F52882358EBBE00B0A634 /* Debug */,
				6E3F52892358EBBE00B0A634 /* Release */,
			);
			defaultConfigurationIsVisible = 0;
			defaultConfigurationName = Release;
		};
		6E3F528A2358EBBE00B0A634 /* Build configuration list for PBXNativeTarget "reciplease" */ = {
			isa = XCConfigurationList;
			buildConfigurations = (
				6E3F528B2358EBBE00B0A634 /* Debug */,
				6E3F528C2358EBBE00B0A634 /* Release */,
			);
			defaultConfigurationIsVisible = 0;
			defaultConfigurationName = Release;
		};
		6E3F528D2358EBBE00B0A634 /* Build configuration list for PBXNativeTarget "recipleaseTests" */ = {
			isa = XCConfigurationList;
			buildConfigurations = (
				6E3F528E2358EBBE00B0A634 /* Debug */,
				6E3F528F2358EBBE00B0A634 /* Release */,
			);
			defaultConfigurationIsVisible = 0;
			defaultConfigurationName = Release;
		};
/* End XCConfigurationList section */

/* Begin XCVersionGroup section */
		6E3F52742358EBBC00B0A634 /* reciplease.xcdatamodeld */ = {
			isa = XCVersionGroup;
			children = (
				6E3F52752358EBBC00B0A634 /* reciplease.xcdatamodel */,
			);
			currentVersion = 6E3F52752358EBBC00B0A634 /* reciplease.xcdatamodel */;
			path = reciplease.xcdatamodeld;
			sourceTree = "<group>";
			versionGroupType = wrapper.xcdatamodel;
		};
/* End XCVersionGroup section */
	};
	rootObject = 6E3F52602358EBBC00B0A634 /* Project object */;
}
